
Microsoft Visual Studio Solution File, Format Version 12.00
# Visual Studio Version 16
VisualStudioVersion = 16.0.29306.81
MinimumVisualStudioVersion = 10.0.40219.1
Project("{FAE04EC0-301F-11D3-BF4B-00C04F79EFBC}") = "UIDeveloperWebApplication", "UIDeveloperWebApplication.csproj", "{1B127992-2AA5-4052-A85F-C961FDC26F3D}"
EndProject
Global
	GlobalSection(SolutionConfigurationPlatforms) = preSolution
		Debug|Any CPU = Debug|Any CPU
		Release|Any CPU = Release|Any CPU
	EndGlobalSection
	GlobalSection(ProjectConfigurationPlatforms) = postSolution
		{1B127992-2AA5-4052-A85F-C961FDC26F3D}.Debug|Any CPU.ActiveCfg = Debug|Any CPU
		{1B127992-2AA5-4052-A85F-C961FDC26F3D}.Debug|Any CPU.Build.0 = Debug|Any CPU
		{1B127992-2AA5-4052-A85F-C961FDC26F3D}.Release|Any CPU.ActiveCfg = Release|Any CPU
		{1B127992-2AA5-4052-A85F-C961FDC26F3D}.Release|Any CPU.Build.0 = Release|Any CPU
	EndGlobalSection
	GlobalSection(SolutionProperties) = preSolution
		HideSolutionNode = FALSE
	EndGlobalSection
	GlobalSection(ExtensibilityGlobals) = postSolution
		SolutionGuid = {D589267A-7148-4920-BE90-2FA8556552F8}
	EndGlobalSection
EndGlobal
